
Microsoft Visual Studio Solution File, Format Version 12.00
# Visual Studio Version 16
VisualStudioVersion = 16.0.32002.222
MinimumVisualStudioVersion = 10.0.40219.1
Project("{FAE04EC0-301F-11D3-BF4B-00C04F79EFBC}") = "SerilogExampleApp", "SerilogExampleApp\SerilogExampleApp.csproj", "{1F50E0BA-5EBC-4D41-A18D-2B762EA6EB7E}"
EndProject
Global
	GlobalSection(SolutionConfigurationPlatforms) = preSolution
		Debug|Any CPU = Debug|Any CPU
		Release|Any CPU = Release|Any CPU
	EndGlobalSection
	GlobalSection(ProjectConfigurationPlatforms) = postSolution
		{1F50E0BA-5EBC-4D41-A18D-2B762EA6EB7E}.Debug|Any CPU.ActiveCfg = Debug|Any CPU
		{1F50E0BA-5EBC-4D41-A18D-2B762EA6EB7E}.Debug|Any CPU.Build.0 = Debug|Any CPU
		{1F50E0BA-5EBC-4D41-A18D-2B762EA6EB7E}.Release|Any CPU.ActiveCfg = Release|Any CPU
		{1F50E0BA-5EBC-4D41-A18D-2B762EA6EB7E}.Release|Any CPU.Build.0 = Release|Any CPU
	EndGlobalSection
	GlobalSection(SolutionProperties) = preSolution
		HideSolutionNode = FALSE
	EndGlobalSection
	GlobalSection(ExtensibilityGlobals) = postSolution
		SolutionGuid = {F906C264-6993-4701-9DAB-A0E5DD67DC9B}
	EndGlobalSection
EndGlobal
